{
  "name": "CrowdinCocos",
  "lockfileVersion": 3,
  "requires": true,
  "packages": {
    "": {
      "dependencies": {
        "analytics-node": "^4.0.1"
      },
      "devDependencies": {
        "@types/node": "^20.11.20"
      }
    },
    "node_modules/@babel/runtime": {
      "version": "7.23.9",
      "resolved": "https://registry.npmjs.org/@babel/runtime/-/runtime-7.23.9.tgz",
      "integrity": "sha512-0CX6F+BI2s9dkUqr08KFrAIZgNFj75rdBU/DjCyYLIaV/quFjkk6T+EJ2LkZHyZTbEV4L5p97mNkUsHl2wLFAw==",
      "dependencies": {
        "regenerator-runtime": "^0.14.0"
      },
      "engines": {
        "node": ">=6.9.0"
      }
    },
    "node_modules/@segment/loosely-validate-event": {
      "version": "2.0.0",
      "resolved": "https://registry.npmjs.org/@segment/loosely-validate-event/-/loosely-validate-event-2.0.0.tgz",
      "integrity": "sha512-ZMCSfztDBqwotkl848ODgVcAmN4OItEWDCkshcKz0/W6gGSQayuuCtWV/MlodFivAZD793d6UgANd6wCXUfrIw==",
      "dependencies": {
        "component-type": "^1.2.1",
        "join-component": "^1.1.0"
      }
    },
    "node_modules/@types/node": {
      "version": "20.11.20",
      "resolved": "https://registry.npmjs.org/@types/node/-/node-20.11.20.tgz",
      "integrity": "sha512-7/rR21OS+fq8IyHTgtLkDK949uzsa6n8BkziAKtPVpugIkO6D+/ooXMvzXxDnZrmtXVfjb1bKQafYpb8s89LOg==",
      "dev": true,
      "dependencies": {
        "undici-types": "~5.26.4"
      }
    },
    "node_modules/analytics-node": {
      "version": "4.0.1",
      "resolved": "https://registry.npmjs.org/analytics-node/-/analytics-node-4.0.1.tgz",
      "integrity": "sha512-+zXOOTB+eTRW6R9+pfvPfk1dHraFJzhNnAyZiYJIDGOjHQgfk9qfqgoJX9MfR4qY0J/E1YJ3FBncrLGadTDW1A==",
      "dependencies": {
        "@segment/loosely-validate-event": "^2.0.0",
        "axios": "^0.21.1",
        "axios-retry": "^3.0.2",
        "lodash.isstring": "^4.0.1",
        "md5": "^2.2.1",
        "ms": "^2.0.0",
        "remove-trailing-slash": "^0.1.0",
        "uuid": "^3.2.1"
      },
      "engines": {
        "node": ">=4"
      }
    },
    "node_modules/analytics-node/node_modules/axios": {
      "version": "0.21.4",
      "resolved": "https://registry.npmjs.org/axios/-/axios-0.21.4.tgz",
      "integrity": "sha512-ut5vewkiu8jjGBdqpM44XxjuCjq9LAKeHVmoVfHVzy8eHgxxq8SbAVQNovDA8mVi05kP0Ea/n/UzcSHcTJQfNg==",
      "dependencies": {
        "follow-redirects": "^1.14.0"
      }
    },
    "node_modules/axios-retry": {
      "version": "3.9.1",
      "resolved": "https://registry.npmjs.org/axios-retry/-/axios-retry-3.9.1.tgz",
      "integrity": "sha512-8PJDLJv7qTTMMwdnbMvrLYuvB47M81wRtxQmEdV5w4rgbTXTt+vtPkXwajOfOdSyv/wZICJOC+/UhXH4aQ/R+w==",
      "dependencies": {
        "@babel/runtime": "^7.15.4",
        "is-retry-allowed": "^2.2.0"
      }
    },
    "node_modules/charenc": {
      "version": "0.0.2",
      "resolved": "https://registry.npmjs.org/charenc/-/charenc-0.0.2.tgz",
      "integrity": "sha512-yrLQ/yVUFXkzg7EDQsPieE/53+0RlaWTs+wBrvW36cyilJ2SaDWfl4Yj7MtLTXleV9uEKefbAGUPv2/iWSooRA==",
      "engines": {
        "node": "*"
      }
    },
    "node_modules/component-type": {
      "version": "1.2.2",
      "resolved": "https://registry.npmjs.org/component-type/-/component-type-1.2.2.tgz",
      "integrity": "sha512-99VUHREHiN5cLeHm3YLq312p6v+HUEcwtLCAtelvUDI6+SH5g5Cr85oNR2S1o6ywzL0ykMbuwLzM2ANocjEOIA==",
      "funding": {
        "url": "https://github.com/sponsors/sindresorhus"
      }
    },
    "node_modules/crypt": {
      "version": "0.0.2",
      "resolved": "https://registry.npmjs.org/crypt/-/crypt-0.0.2.tgz",
      "integrity": "sha512-mCxBlsHFYh9C+HVpiEacem8FEBnMXgU9gy4zmNC+SXAZNB/1idgp/aulFJ4FgCi7GPEVbfyng092GqL2k2rmow==",
      "engines": {
        "node": "*"
      }
    },
    "node_modules/follow-redirects": {
      "version": "1.15.5",
      "resolved": "https://registry.npmjs.org/follow-redirects/-/follow-redirects-1.15.5.tgz",
      "integrity": "sha512-vSFWUON1B+yAw1VN4xMfxgn5fTUiaOzAJCKBwIIgT/+7CuGy9+r+5gITvP62j3RmaD5Ph65UaERdOSRGUzZtgw==",
      "funding": [
        {
          "type": "individual",
          "url": "https://github.com/sponsors/RubenVerborgh"
        }
      ],
      "engines": {
        "node": ">=4.0"
      },
      "peerDependenciesMeta": {
        "debug": {
          "optional": true
        }
      }
    },
    "node_modules/is-buffer": {
      "version": "1.1.6",
      "resolved": "https://registry.npmjs.org/is-buffer/-/is-buffer-1.1.6.tgz",
      "integrity": "sha512-NcdALwpXkTm5Zvvbk7owOUSvVvBKDgKP5/ewfXEznmQFfs4ZRmanOeKBTjRVjka3QFoN6XJ+9F3USqfHqTaU5w=="
    },
    "node_modules/is-retry-allowed": {
      "version": "2.2.0",
      "resolved": "https://registry.npmjs.org/is-retry-allowed/-/is-retry-allowed-2.2.0.tgz",
      "integrity": "sha512-XVm7LOeLpTW4jV19QSH38vkswxoLud8sQ57YwJVTPWdiaI9I8keEhGFpBlslyVsgdQy4Opg8QOLb8YRgsyZiQg==",
      "engines": {
        "node": ">=10"
      },
      "funding": {
        "url": "https://github.com/sponsors/sindresorhus"
      }
    },
    "node_modules/join-component": {
      "version": "1.1.0",
      "resolved": "https://registry.npmjs.org/join-component/-/join-component-1.1.0.tgz",
      "integrity": "sha512-bF7vcQxbODoGK1imE2P9GS9aw4zD0Sd+Hni68IMZLj7zRnquH7dXUmMw9hDI5S/Jzt7q+IyTXN0rSg2GI0IKhQ=="
    },
    "node_modules/lodash.isstring": {
      "version": "4.0.1",
      "resolved": "https://registry.npmjs.org/lodash.isstring/-/lodash.isstring-4.0.1.tgz",
      "integrity": "sha512-0wJxfxH1wgO3GrbuP+dTTk7op+6L41QCXbGINEmD+ny/G/eCqGzxyCsh7159S+mgDDcoarnBw6PC1PS5+wUGgw=="
    },
    "node_modules/md5": {
      "version": "2.3.0",
      "resolved": "https://registry.npmjs.org/md5/-/md5-2.3.0.tgz",
      "integrity": "sha512-T1GITYmFaKuO91vxyoQMFETst+O71VUPEU3ze5GNzDm0OWdP8v1ziTaAEPUr/3kLsY3Sftgz242A1SetQiDL7g==",
      "dependencies": {
        "charenc": "0.0.2",
        "crypt": "0.0.2",
        "is-buffer": "~1.1.6"
      }
    },
    "node_modules/ms": {
      "version": "2.1.3",
      "resolved": "https://registry.npmjs.org/ms/-/ms-2.1.3.tgz",
      "integrity": "sha512-6FlzubTLZG3J2a/NVCAleEhjzq5oxgHyaCU9yYXvcLsvoVaHJq/s5xXI6/XXP6tz7R9xAOtHnSO/tXtF3WRTlA=="
    },
    "node_modules/regenerator-runtime": {
      "version": "0.14.1",
      "resolved": "https://registry.npmjs.org/regenerator-runtime/-/regenerator-runtime-0.14.1.tgz",
      "integrity": "sha512-dYnhHh0nJoMfnkZs6GmmhFknAGRrLznOu5nc9ML+EJxGvrx6H7teuevqVqCuPcPK//3eDrrjQhehXVx9cnkGdw=="
    },
    "node_modules/remove-trailing-slash": {
      "version": "0.1.1",
      "resolved": "https://registry.npmjs.org/remove-trailing-slash/-/remove-trailing-slash-0.1.1.tgz",
      "integrity": "sha512-o4S4Qh6L2jpnCy83ysZDau+VORNvnFw07CKSAymkd6ICNVEPisMyzlc00KlvvicsxKck94SEwhDnMNdICzO+tA=="
    },
    "node_modules/undici-types": {
      "version": "5.26.5",
      "resolved": "https://registry.npmjs.org/undici-types/-/undici-types-5.26.5.tgz",
      "integrity": "sha512-JlCMO+ehdEIKqlFxk6IfVoAUVmgz7cU7zD/h9XZ0qzeosSHmUJVOzSQvvYSYWXkFXC+IfLKSIffhv0sVZup6pA==",
      "dev": true
    },
    "node_modules/uuid": {
      "version": "3.4.0",
      "resolved": "https://registry.npmjs.org/uuid/-/uuid-3.4.0.tgz",
      "integrity": "sha512-HjSDRw6gZE5JMggctHBcjVak08+KEVhSIiDzFnT9S9aegmp85S/bReBVTb4QTFaRNptJ9kuYaNhnbNEOkbKb/A==",
      "deprecated": "Please upgrade  to version 7 or higher.  Older versions may use Math.random() in certain circumstances, which is known to be problematic.  See https://v8.dev/blog/math-random for details.",
      "bin": {
        "uuid": "bin/uuid"
      }
    }
  }
}
